# THIS IS AN AUTOGENERATED FILE. DO NOT EDIT THIS FILE DIRECTLY.
# yarn lockfile v1


"@shopify/liquid-html-parser@^2.0.3":
  version "2.0.3"
  resolved "https://registry.yarnpkg.com/@shopify/liquid-html-parser/-/liquid-html-parser-2.0.3.tgz#fcf22fc8e8dcee7d0db98dfc9fdae36d8e00d24a"
  integrity sha512-aIkZ5TJWG7/ztd1sZm5XNpBNTG3B+Q0gv3WN/QahmNQzm2wmKYSHiRLOA8JALAnOGTmH0uqOJ7jzdqoATcZSxw==
  dependencies:
    line-column "^1.0.2"
    ohm-js "^16.3.0"

"@shopify/prettier-plugin-liquid@^1.4.4":
  version "1.4.4"
  resolved "https://registry.yarnpkg.com/@shopify/prettier-plugin-liquid/-/prettier-plugin-liquid-1.4.4.tgz#8f1344e8ce967407441a16d6f2f3af13089621b6"
  integrity sha512-3mUpcie56y/AnjRtR+mWFFS/tojHAH3b9E01pVuFOCLrq5xwJjBY2aRKp8wrLSMhnn4sECU/qQ/hFfAtPrX6BA==
  dependencies:
    "@shopify/liquid-html-parser" "^2.0.3"
    html-styles "^1.0.0"

html-styles@^1.0.0:
  version "1.0.0"
  resolved "https://registry.yarnpkg.com/html-styles/-/html-styles-1.0.0.tgz#a18061fd651f99c6b75c45c8e0549a3bc3e01a75"
  integrity sha512-cDl5dcj73oI4Hy0DSUNh54CAwslNLJRCCoO+RNkVo+sBrjA/0+7E/xzvj3zH/GxbbBLGJhE0hBe1eg+0FINC6w==

isarray@1.0.0, isarray@^1.0.0:
  version "1.0.0"
  resolved "https://registry.yarnpkg.com/isarray/-/isarray-1.0.0.tgz#bb935d48582cba168c06834957a54a3e07124f11"
  integrity sha512-VLghIWNM6ELQzo7zwmcg0NmTVyWKYjvIeM83yjp0wRDTmUnrM678fQbcKBo6n2CJEF0szoG//ytg+TKla89ALQ==

isobject@^2.0.0:
  version "2.1.0"
  resolved "https://registry.yarnpkg.com/isobject/-/isobject-2.1.0.tgz#f065561096a3f1da2ef46272f815c840d87e0c89"
  integrity sha512-+OUdGJlgjOBZDfxnDjYYG6zp487z0JGNQq3cYQYg5f5hKR+syHMsaztzGeml/4kGG55CSpKSpWTY+jYGgsHLgA==
  dependencies:
    isarray "1.0.0"

line-column@^1.0.2:
  version "1.0.2"
  resolved "https://registry.yarnpkg.com/line-column/-/line-column-1.0.2.tgz#d25af2936b6f4849172b312e4792d1d987bc34a2"
  integrity sha512-Ktrjk5noGYlHsVnYWh62FLVs4hTb8A3e+vucNZMgPeAOITdshMSgv4cCZQeRDjm7+goqmo6+liZwTXo+U3sVww==
  dependencies:
    isarray "^1.0.0"
    isobject "^2.0.0"

ohm-js@^16.3.0:
  version "16.6.0"
  resolved "https://registry.yarnpkg.com/ohm-js/-/ohm-js-16.6.0.tgz#a54508b002161b35d4feec2f628d5ab4e07d2f29"
  integrity sha512-X9P4koSGa7swgVQ0gt71UCYtkAQGOjciJPJAz74kDxWt8nXbH5HrDOQG6qBDH7SR40ktNv4x61BwpTDE9q4lRA==

prettier@^3.2.5:
  version "3.2.5"
  resolved "https://registry.yarnpkg.com/prettier/-/prettier-3.2.5.tgz#e52bc3090586e824964a8813b09aba6233b28368"
  integrity sha512-3/GWa9aOC0YeD7LUfvOG2NiDyhOWRvt1k+rcKhOuYnMY24iiCphgneUfJDyFXd6rZCAnuLBv6UeAULtrhT/F4A==
